// !$*UTF8*$!
{
	archiveVersion = 1;
	classes = {
	};
	objectVersion = 55;
	objects = {

/* Begin PBXBuildFile section */
		612E2DC5296D5A6E007AFE35 /* NavigationPresenter.swift in Sources */ = {isa = PBXBuildFile; fileRef = 612E2DC4296D5A6E007AFE35 /* NavigationPresenter.swift */; };
		612E2DC7296D6E19007AFE35 /* UIImage+Extensions.swift in Sources */ = {isa = PBXBuildFile; fileRef = 612E2DC6296D6E19007AFE35 /* UIImage+Extensions.swift */; };
		613D1A46296C361500A35A98 /* UIView+Extensions.swift in Sources */ = {isa = PBXBuildFile; fileRef = 613D1A45296C361500A35A98 /* UIView+Extensions.swift */; };
		613D1A48296C373800A35A98 /* MainView.swift in Sources */ = {isa = PBXBuildFile; fileRef = 613D1A47296C373800A35A98 /* MainView.swift */; };
		613D1A4A296C3BD200A35A98 /* MainController.swift in Sources */ = {isa = PBXBuildFile; fileRef = 613D1A49296C3BD200A35A98 /* MainController.swift */; };
		613D1A4C296C3D4A00A35A98 /* NavigationController.swift in Sources */ = {isa = PBXBuildFile; fileRef = 613D1A4B296C3D4A00A35A98 /* NavigationController.swift */; };
		61C523F628CFE7C500C6FAEC /* AppDelegate.swift in Sources */ = {isa = PBXBuildFile; fileRef = 61C523F528CFE7C500C6FAEC /* AppDelegate.swift */; };
		61C523F828CFE7C500C6FAEC /* SceneDelegate.swift in Sources */ = {isa = PBXBuildFile; fileRef = 61C523F728CFE7C500C6FAEC /* SceneDelegate.swift */; };
		61C523FF28CFE7CB00C6FAEC /* Assets.xcassets in Resources */ = {isa = PBXBuildFile; fileRef = 61C523FE28CFE7CB00C6FAEC /* Assets.xcassets */; };
/* End PBXBuildFile section */

/* Begin PBXFileReference section */
		612E2DC4296D5A6E007AFE35 /* NavigationPresenter.swift */ = {isa = PBXFileReference; lastKnownFileType = sourcecode.swift; path = NavigationPresenter.swift; sourceTree = "<group>"; };
		612E2DC6296D6E19007AFE35 /* UIImage+Extensions.swift */ = {isa = PBXFileReference; lastKnownFileType = sourcecode.swift; path = "UIImage+Extensions.swift"; sourceTree = "<group>"; };
		613D1A45296C361500A35A98 /* UIView+Extensions.swift */ = {isa = PBXFileReference; lastKnownFileType = sourcecode.swift; path = "UIView+Extensions.swift"; sourceTree = "<group>"; };
		613D1A47296C373800A35A98 /* MainView.swift */ = {isa = PBXFileReference; lastKnownFileType = sourcecode.swift; path = MainView.swift; sourceTree = "<group>"; };
		613D1A49296C3BD200A35A98 /* MainController.swift */ = {isa = PBXFileReference; lastKnownFileType = sourcecode.swift; path = MainController.swift; sourceTree = "<group>"; };
		613D1A4B296C3D4A00A35A98 /* NavigationController.swift */ = {isa = PBXFileReference; lastKnownFileType = sourcecode.swift; path = NavigationController.swift; sourceTree = "<group>"; };
		61C523F228CFE7C500C6FAEC /* ImageFlipper.app */ = {isa = PBXFileReference; explicitFileType = wrapper.application; includeInIndex = 0; path = ImageFlipper.app; sourceTree = BUILT_PRODUCTS_DIR; };
		61C523F528CFE7C500C6FAEC /* AppDelegate.swift */ = {isa = PBXFileReference; lastKnownFileType = sourcecode.swift; path = AppDelegate.swift; sourceTree = "<group>"; };
		61C523F728CFE7C500C6FAEC /* SceneDelegate.swift */ = {isa = PBXFileReference; lastKnownFileType = sourcecode.swift; path = SceneDelegate.swift; sourceTree = "<group>"; };
		61C523FE28CFE7CB00C6FAEC /* Assets.xcassets */ = {isa = PBXFileReference; lastKnownFileType = folder.assetcatalog; path = Assets.xcassets; sourceTree = "<group>"; };
		61C5240328CFE7CB00C6FAEC /* Info.plist */ = {isa = PBXFileReference; lastKnownFileType = text.plist.xml; path = Info.plist; sourceTree = "<group>"; };
/* End PBXFileReference section */

/* Begin PBXFrameworksBuildPhase section */
		61C523EF28CFE7C500C6FAEC /* Frameworks */ = {
			isa = PBXFrameworksBuildPhase;
			buildActionMask = 2147483647;
			files = (
			);
			runOnlyForDeploymentPostprocessing = 0;
		};
/* End PBXFrameworksBuildPhase section */

/* Begin PBXGroup section */
		612E2DC1296D55FA007AFE35 /* Presenter */ = {
			isa = PBXGroup;
			children = (
				612E2DC4296D5A6E007AFE35 /* NavigationPresenter.swift */,
			);
			path = Presenter;
			sourceTree = "<group>";
		};
		613D1A44296C360700A35A98 /* Helpers */ = {
			isa = PBXGroup;
			children = (
				613D1A45296C361500A35A98 /* UIView+Extensions.swift */,
				612E2DC6296D6E19007AFE35 /* UIImage+Extensions.swift */,
			);
			path = Helpers;
			sourceTree = "<group>";
		};
		61C523E928CFE7C500C6FAEC = {
			isa = PBXGroup;
			children = (
				61C523F428CFE7C500C6FAEC /* ImageFlipper */,
				61C523F328CFE7C500C6FAEC /* Products */,
			);
			sourceTree = "<group>";
		};
		61C523F328CFE7C500C6FAEC /* Products */ = {
			isa = PBXGroup;
			children = (
				61C523F228CFE7C500C6FAEC /* ImageFlipper.app */,
			);
			name = Products;
			sourceTree = "<group>";
		};
		61C523F428CFE7C500C6FAEC /* ImageFlipper */ = {
			isa = PBXGroup;
			children = (
				61C5240C28CFE83B00C6FAEC /* Model */,
				61C5240B28CFE83400C6FAEC /* View */,
				61C5240A28CFE82B00C6FAEC /* Controller */,
				612E2DC1296D55FA007AFE35 /* Presenter */,
				61C5240928CFE81900C6FAEC /* Supporting Files */,
			);
			path = ImageFlipper;
			sourceTree = "<group>";
		};
		61C5240928CFE81900C6FAEC /* Supporting Files */ = {
			isa = PBXGroup;
			children = (
				613D1A44296C360700A35A98 /* Helpers */,
				61C5240328CFE7CB00C6FAEC /* Info.plist */,
				61C523FE28CFE7CB00C6FAEC /* Assets.xcassets */,
				61C523F528CFE7C500C6FAEC /* AppDelegate.swift */,
				61C523F728CFE7C500C6FAEC /* SceneDelegate.swift */,
			);
			path = "Supporting Files";
			sourceTree = "<group>";
		};
		61C5240A28CFE82B00C6FAEC /* Controller */ = {
			isa = PBXGroup;
			children = (
				613D1A4B296C3D4A00A35A98 /* NavigationController.swift */,
				613D1A49296C3BD200A35A98 /* MainController.swift */,
			);
			path = Controller;
			sourceTree = "<group>";
		};
		61C5240B28CFE83400C6FAEC /* View */ = {
			isa = PBXGroup;
			children = (
				613D1A47296C373800A35A98 /* MainView.swift */,
			);
			path = View;
			sourceTree = "<group>";
		};
		61C5240C28CFE83B00C6FAEC /* Model */ = {
			isa = PBXGroup;
			children = (
			);
			path = Model;
			sourceTree = "<group>";
		};
/* End PBXGroup section */

/* Begin PBXNativeTarget section */
		61C523F128CFE7C500C6FAEC /* ImageFlipper */ = {
			isa = PBXNativeTarget;
			buildConfigurationList = 61C5240628CFE7CB00C6FAEC /* Build configuration list for PBXNativeTarget "ImageFlipper" */;
			buildPhases = (
				61C523EE28CFE7C500C6FAEC /* Sources */,
				61C523EF28CFE7C500C6FAEC /* Frameworks */,
				61C523F028CFE7C500C6FAEC /* Resources */,
				612E2DC8296D7137007AFE35 /* ShellScript */,
			);
			buildRules = (
			);
			dependencies = (
			);
			name = ImageFlipper;
			productName = ImageFlipper;
			productReference = 61C523F228CFE7C500C6FAEC /* ImageFlipper.app */;
			productType = "com.apple.product-type.application";
		};
/* End PBXNativeTarget section */

/* Begin PBXProject section */
		61C523EA28CFE7C500C6FAEC /* Project object */ = {
			isa = PBXProject;
			attributes = {
				BuildIndependentTargetsInParallel = 1;
				LastSwiftUpdateCheck = 1340;
				LastUpgradeCheck = 1340;
				TargetAttributes = {
					61C523F128CFE7C500C6FAEC = {
						CreatedOnToolsVersion = 13.4.1;
					};
				};
			};
			buildConfigurationList = 61C523ED28CFE7C500C6FAEC /* Build configuration list for PBXProject "ImageFlipper" */;
			compatibilityVersion = "Xcode 13.0";
			developmentRegion = en;
			hasScannedForEncodings = 0;
			knownRegions = (
				en,
				Base,
			);
			mainGroup = 61C523E928CFE7C500C6FAEC;
			productRefGroup = 61C523F328CFE7C500C6FAEC /* Products */;
			projectDirPath = "";
			projectRoot = "";
			targets = (
				61C523F128CFE7C500C6FAEC /* ImageFlipper */,
			);
		};
/* End PBXProject section */

/* Begin PBXResourcesBuildPhase section */
		61C523F028CFE7C500C6FAEC /* Resources */ = {
			isa = PBXResourcesBuildPhase;
			buildActionMask = 2147483647;
			files = (
				61C523FF28CFE7CB00C6FAEC /* Assets.xcassets in Resources */,
			);
			runOnlyForDeploymentPostprocessing = 0;
		};
/* End PBXResourcesBuildPhase section */

/* Begin PBXShellScriptBuildPhase section */
		612E2DC8296D7137007AFE35 /* ShellScript */ = {
			isa = PBXShellScriptBuildPhase;
			alwaysOutOfDate = 1;
			buildActionMask = 2147483647;
			files = (
			);
			inputFileListPaths = (
			);
			inputPaths = (
			);
			outputFileListPaths = (
			);
			outputPaths = (
			);
			runOnlyForDeploymentPostprocessing = 0;
			shellPath = /bin/sh;
			shellScript = "if which swiftlint > /dev/null; then\n  swiftlint\nelse\n  echo \"warning: SwiftLint not installed, download from https://github.com/realm/SwiftLint\"\nfi\n";
		};
/* End PBXShellScriptBuildPhase section */

/* Begin PBXSourcesBuildPhase section */
		61C523EE28CFE7C500C6FAEC /* Sources */ = {
			isa = PBXSourcesBuildPhase;
			buildActionMask = 2147483647;
			files = (
				61C523F628CFE7C500C6FAEC /* AppDelegate.swift in Sources */,
				613D1A46296C361500A35A98 /* UIView+Extensions.swift in Sources */,
				613D1A48296C373800A35A98 /* MainView.swift in Sources */,
				612E2DC5296D5A6E007AFE35 /* NavigationPresenter.swift in Sources */,
				613D1A4A296C3BD200A35A98 /* MainController.swift in Sources */,
				612E2DC7296D6E19007AFE35 /* UIImage+Extensions.swift in Sources */,
				613D1A4C296C3D4A00A35A98 /* NavigationController.swift in Sources */,
				61C523F828CFE7C500C6FAEC /* SceneDelegate.swift in Sources */,
			);
			runOnlyForDeploymentPostprocessing = 0;
		};
/* End PBXSourcesBuildPhase section */

/* Begin XCBuildConfiguration section */
		61C5240428CFE7CB00C6FAEC /* Debug */ = {
			isa = XCBuildConfiguration;
			buildSettings = {
				ALWAYS_SEARCH_USER_PATHS = NO;
				CLANG_ANALYZER_NONNULL = YES;
				CLANG_ANALYZER_NUMBER_OBJECT_CONVERSION = YES_AGGRESSIVE;
				CLANG_CXX_LANGUAGE_STANDARD = "gnu++17";
				CLANG_ENABLE_MODULES = YES;
				CLANG_ENABLE_OBJC_ARC = YES;
				CLANG_ENABLE_OBJC_WEAK = YES;
				CLANG_WARN_BLOCK_CAPTURE_AUTORELEASING = YES;
				CLANG_WARN_BOOL_CONVERSION = YES;
				CLANG_WARN_COMMA = YES;
				CLANG_WARN_CONSTANT_CONVERSION = YES;
				CLANG_WARN_DEPRECATED_OBJC_IMPLEMENTATIONS = YES;
				CLANG_WARN_DIRECT_OBJC_ISA_USAGE = YES_ERROR;
				CLANG_WARN_DOCUMENTATION_COMMENTS = YES;
				CLANG_WARN_EMPTY_BODY = YES;
				CLANG_WARN_ENUM_CONVERSION = YES;
				CLANG_WARN_INFINITE_RECURSION = YES;
				CLANG_WARN_INT_CONVERSION = YES;
				CLANG_WARN_NON_LITERAL_NULL_CONVERSION = YES;
				CLANG_WARN_OBJC_IMPLICIT_RETAIN_SELF = YES;
				CLANG_WARN_OBJC_LITERAL_CONVERSION = YES;
				CLANG_WARN_OBJC_ROOT_CLASS = YES_ERROR;
				CLANG_WARN_QUOTED_INCLUDE_IN_FRAMEWORK_HEADER = YES;
				CLANG_WARN_RANGE_LOOP_ANALYSIS = YES;
				CLANG_WARN_STRICT_PROTOTYPES = YES;
				CLANG_WARN_SUSPICIOUS_MOVE = YES;
				CLANG_WARN_UNGUARDED_AVAILABILITY = YES_AGGRESSIVE;
				CLANG_WARN_UNREACHABLE_CODE = YES;
				CLANG_WARN__DUPLICATE_METHOD_MATCH = YES;
				COPY_PHASE_STRIP = NO;
				DEBUG_INFORMATION_FORMAT = dwarf;
				ENABLE_STRICT_OBJC_MSGSEND = YES;
				ENABLE_TESTABILITY = YES;
				GCC_C_LANGUAGE_STANDARD = gnu11;
				GCC_DYNAMIC_NO_PIC = NO;
				GCC_NO_COMMON_BLOCKS = YES;
				GCC_OPTIMIZATION_LEVEL = 0;
				GCC_PREPROCESSOR_DEFINITIONS = (
					"DEBUG=1",
					"$(inherited)",
				);
				GCC_WARN_64_TO_32_BIT_CONVERSION = YES;
				GCC_WARN_ABOUT_RETURN_TYPE = YES_ERROR;
				GCC_WARN_UNDECLARED_SELECTOR = YES;
				GCC_WARN_UNINITIALIZED_AUTOS = YES_AGGRESSIVE;
				GCC_WARN_UNUSED_FUNCTION = YES;
				GCC_WARN_UNUSED_VARIABLE = YES;
				IPHONEOS_DEPLOYMENT_TARGET = 15.5;
				MTL_ENABLE_DEBUG_INFO = INCLUDE_SOURCE;
				MTL_FAST_MATH = YES;
				ONLY_ACTIVE_ARCH = YES;
				SDKROOT = iphoneos;
				SWIFT_ACTIVE_COMPILATION_CONDITIONS = DEBUG;
				SWIFT_OPTIMIZATION_LEVEL = "-Onone";
			};
			name = Debug;
		};
		61C5240528CFE7CB00C6FAEC /* Release */ = {
			isa = XCBuildConfiguration;
			buildSettings = {
				ALWAYS_SEARCH_USER_PATHS = NO;
				CLANG_ANALYZER_NONNULL = YES;
				CLANG_ANALYZER_NUMBER_OBJECT_CONVERSION = YES_AGGRESSIVE;
				CLANG_CXX_LANGUAGE_STANDARD = "gnu++17";
				CLANG_ENABLE_MODULES = YES;
				CLANG_ENABLE_OBJC_ARC = YES;
				CLANG_ENABLE_OBJC_WEAK = YES;
				CLANG_WARN_BLOCK_CAPTURE_AUTORELEASING = YES;
				CLANG_WARN_BOOL_CONVERSION = YES;
				CLANG_WARN_COMMA = YES;
				CLANG_WARN_CONSTANT_CONVERSION = YES;
				CLANG_WARN_DEPRECATED_OBJC_IMPLEMENTATIONS = YES;
				CLANG_WARN_DIRECT_OBJC_ISA_USAGE = YES_ERROR;
				CLANG_WARN_DOCUMENTATION_COMMENTS = YES;
				CLANG_WARN_EMPTY_BODY = YES;
				CLANG_WARN_ENUM_CONVERSION = YES;
				CLANG_WARN_INFINITE_RECURSION = YES;
				CLANG_WARN_INT_CONVERSION = YES;
				CLANG_WARN_NON_LITERAL_NULL_CONVERSION = YES;
				CLANG_WARN_OBJC_IMPLICIT_RETAIN_SELF = YES;
				CLANG_WARN_OBJC_LITERAL_CONVERSION = YES;
				CLANG_WARN_OBJC_ROOT_CLASS = YES_ERROR;
				CLANG_WARN_QUOTED_INCLUDE_IN_FRAMEWORK_HEADER = YES;
				CLANG_WARN_RANGE_LOOP_ANALYSIS = YES;
				CLANG_WARN_STRICT_PROTOTYPES = YES;
				CLANG_WARN_SUSPICIOUS_MOVE = YES;
				CLANG_WARN_UNGUARDED_AVAILABILITY = YES_AGGRESSIVE;
				CLANG_WARN_UNREACHABLE_CODE = YES;
				CLANG_WARN__DUPLICATE_METHOD_MATCH = YES;
				COPY_PHASE_STRIP = NO;
				DEBUG_INFORMATION_FORMAT = "dwarf-with-dsym";
				ENABLE_NS_ASSERTIONS = NO;
				ENABLE_STRICT_OBJC_MSGSEND = YES;
				GCC_C_LANGUAGE_STANDARD = gnu11;
				GCC_NO_COMMON_BLOCKS = YES;
				GCC_WARN_64_TO_32_BIT_CONVERSION = YES;
				GCC_WARN_ABOUT_RETURN_TYPE = YES_ERROR;
				GCC_WARN_UNDECLARED_SELECTOR = YES;
				GCC_WARN_UNINITIALIZED_AUTOS = YES_AGGRESSIVE;
				GCC_WARN_UNUSED_FUNCTION = YES;
				GCC_WARN_UNUSED_VARIABLE = YES;
				IPHONEOS_DEPLOYMENT_TARGET = 15.5;
				MTL_ENABLE_DEBUG_INFO = NO;
				MTL_FAST_MATH = YES;
				SDKROOT = iphoneos;
				SWIFT_COMPILATION_MODE = wholemodule;
				SWIFT_OPTIMIZATION_LEVEL = "-O";
				VALIDATE_PRODUCT = YES;
			};
			name = Release;
		};
		61C5240728CFE7CB00C6FAEC /* Debug */ = {
			isa = XCBuildConfiguration;
			buildSettings = {
				ASSETCATALOG_COMPILER_APPICON_NAME = AppIcon;
				ASSETCATALOG_COMPILER_GLOBAL_ACCENT_COLOR_NAME = AccentColor;
				CODE_SIGN_STYLE = Automatic;
				CURRENT_PROJECT_VERSION = 1;
				DEVELOPMENT_TEAM = 7WTLW784B9;
				GENERATE_INFOPLIST_FILE = YES;
				INFOPLIST_FILE = "ImageFlipper/Supporting Files/Info.plist";
				INFOPLIST_KEY_NSCameraUsageDescription = "We need your camera for some reasons ;)";
				INFOPLIST_KEY_NSPhotoLibraryUsageDescription = "We need your photo library for some reasons ;)";
				INFOPLIST_KEY_UIApplicationSupportsIndirectInputEvents = YES;
				INFOPLIST_KEY_UILaunchStoryboardName = LaunchScreen;
				INFOPLIST_KEY_UISupportedInterfaceOrientations = UIInterfaceOrientationPortrait;
				INFOPLIST_KEY_UISupportedInterfaceOrientations_iPad = "UIInterfaceOrientationLandscapeLeft UIInterfaceOrientationLandscapeRight UIInterfaceOrientationPortrait UIInterfaceOrientationPortraitUpsideDown";
				LD_RUNPATH_SEARCH_PATHS = (
					"$(inherited)",
					"@executable_path/Frameworks",
				);
				MARKETING_VERSION = 1.0;
				PRODUCT_BUNDLE_IDENTIFIER = com.Ilya.ImageFlipper;
				PRODUCT_NAME = "$(TARGET_NAME)";
				SUPPORTED_PLATFORMS = "iphoneos iphonesimulator";
				SUPPORTS_MACCATALYST = NO;
				SUPPORTS_MAC_DESIGNED_FOR_IPHONE_IPAD = NO;
				SWIFT_EMIT_LOC_STRINGS = YES;
				SWIFT_VERSION = 5.0;
				TARGETED_DEVICE_FAMILY = 1;
			};
			name = Debug;
		};
		61C5240828CFE7CB00C6FAEC /* Release */ = {
			isa = XCBuildConfiguration;
			buildSettings = {
				ASSETCATALOG_COMPILER_APPICON_NAME = AppIcon;
				ASSETCATALOG_COMPILER_GLOBAL_ACCENT_COLOR_NAME = AccentColor;
				CODE_SIGN_STYLE = Automatic;
				CURRENT_PROJECT_VERSION = 1;
				DEVELOPMENT_TEAM = 7WTLW784B9;
				GENERATE_INFOPLIST_FILE = YES;
				INFOPLIST_FILE = "ImageFlipper/Supporting Files/Info.plist";
				INFOPLIST_KEY_NSCameraUsageDescription = "We need your camera for some reasons ;)";
				INFOPLIST_KEY_NSPhotoLibraryUsageDescription = "We need your photo library for some reasons ;)";
				INFOPLIST_KEY_UIApplicationSupportsIndirectInputEvents = YES;
				INFOPLIST_KEY_UILaunchStoryboardName = LaunchScreen;
				INFOPLIST_KEY_UISupportedInterfaceOrientations = UIInterfaceOrientationPortrait;
				INFOPLIST_KEY_UISupportedInterfaceOrientations_iPad = "UIInterfaceOrientationLandscapeLeft UIInterfaceOrientationLandscapeRight UIInterfaceOrientationPortrait UIInterfaceOrientationPortraitUpsideDown";
				LD_RUNPATH_SEARCH_PATHS = (
					"$(inherited)",
					"@executable_path/Frameworks",
				);
				MARKETING_VERSION = 1.0;
				PRODUCT_BUNDLE_IDENTIFIER = com.Ilya.ImageFlipper;
				PRODUCT_NAME = "$(TARGET_NAME)";
				SUPPORTED_PLATFORMS = "iphoneos iphonesimulator";
				SUPPORTS_MACCATALYST = NO;
				SUPPORTS_MAC_DESIGNED_FOR_IPHONE_IPAD = NO;
				SWIFT_EMIT_LOC_STRINGS = YES;
				SWIFT_VERSION = 5.0;
				TARGETED_DEVICE_FAMILY = 1;
			};
			name = Release;
		};
/* End XCBuildConfiguration section */

/* Begin XCConfigurationList section */
		61C523ED28CFE7C500C6FAEC /* Build configuration list for PBXProject "ImageFlipper" */ = {
			isa = XCConfigurationList;
			buildConfigurations = (
				61C5240428CFE7CB00C6FAEC /* Debug */,
				61C5240528CFE7CB00C6FAEC /* Release */,
			);
			defaultConfigurationIsVisible = 0;
			defaultConfigurationName = Release;
		};
		61C5240628CFE7CB00C6FAEC /* Build configuration list for PBXNativeTarget "ImageFlipper" */ = {
			isa = XCConfigurationList;
			buildConfigurations = (
				61C5240728CFE7CB00C6FAEC /* Debug */,
				61C5240828CFE7CB00C6FAEC /* Release */,
			);
			defaultConfigurationIsVisible = 0;
			defaultConfigurationName = Release;
		};
/* End XCConfigurationList section */
	};
	rootObject = 61C523EA28CFE7C500C6FAEC /* Project object */;
}
